
Microsoft Visual Studio Solution File, Format Version 12.00
# Visual Studio Version 16
VisualStudioVersion = 16.0.29418.71
MinimumVisualStudioVersion = 10.0.40219.1
Project("{FAE04EC0-301F-11D3-BF4B-00C04F79EFBC}") = "systemnfos3.csharp", "systemnfos3.csharp\systemnfos3.csharp.csproj", "{08AC40AE-3DD7-477E-BCD2-9B9DBF42D9DD}"
EndProject
Global
	GlobalSection(SolutionConfigurationPlatforms) = preSolution
		Debug|Any CPU = Debug|Any CPU
		Release|Any CPU = Release|Any CPU
	EndGlobalSection
	GlobalSection(ProjectConfigurationPlatforms) = postSolution
		{08AC40AE-3DD7-477E-BCD2-9B9DBF42D9DD}.Debug|Any CPU.ActiveCfg = Debug|Any CPU
		{08AC40AE-3DD7-477E-BCD2-9B9DBF42D9DD}.Debug|Any CPU.Build.0 = Debug|Any CPU
		{08AC40AE-3DD7-477E-BCD2-9B9DBF42D9DD}.Release|Any CPU.ActiveCfg = Release|Any CPU
		{08AC40AE-3DD7-477E-BCD2-9B9DBF42D9DD}.Release|Any CPU.Build.0 = Release|Any CPU
	EndGlobalSection
	GlobalSection(SolutionProperties) = preSolution
		HideSolutionNode = FALSE
	EndGlobalSection
	GlobalSection(ExtensibilityGlobals) = postSolution
		SolutionGuid = {1940B28F-00EB-46AD-8068-34A798BCF0B9}
	EndGlobalSection
EndGlobal
